// !$*UTF8*$!
{
	archiveVersion = 1;
	classes = {
	};
	objectVersion = 56;
	objects = {

/* Begin PBXBuildFile section */
		A90D25D82C80A2240029D159 /* AppDelegate.swift in Sources */ = {isa = PBXBuildFile; fileRef = A90D25D72C80A2240029D159 /* AppDelegate.swift */; };
		A90D25DA2C80A2240029D159 /* SceneDelegate.swift in Sources */ = {isa = PBXBuildFile; fileRef = A90D25D92C80A2240029D159 /* SceneDelegate.swift */; };
		A90D25DF2C80A2240029D159 /* Main.storyboard in Resources */ = {isa = PBXBuildFile; fileRef = A90D25DD2C80A2240029D159 /* Main.storyboard */; };
		A90D25E12C80A2260029D159 /* Assets.xcassets in Resources */ = {isa = PBXBuildFile; fileRef = A90D25E02C80A2260029D159 /* Assets.xcassets */; };
		A90D25E42C80A2260029D159 /* LaunchScreen.storyboard in Resources */ = {isa = PBXBuildFile; fileRef = A90D25E22C80A2260029D159 /* LaunchScreen.storyboard */; };
		A90D25ED2C80A2690029D159 /* APIService.swift in Sources */ = {isa = PBXBuildFile; fileRef = A90D25EC2C80A2690029D159 /* APIService.swift */; };
		A90D25F12C80A2820029D159 /* PostsAPIService.swift in Sources */ = {isa = PBXBuildFile; fileRef = A90D25EF2C80A2820029D159 /* PostsAPIService.swift */; };
		A90D25F22C80A2820029D159 /* PostsAPIServiceProtocol.swift in Sources */ = {isa = PBXBuildFile; fileRef = A90D25F02C80A2820029D159 /* PostsAPIServiceProtocol.swift */; };
		A90D261B2C80BE790029D159 /* IntroScreenViewController.swift in Sources */ = {isa = PBXBuildFile; fileRef = A90D261A2C80BE790029D159 /* IntroScreenViewController.swift */; };
		A90D261E2C80BE830029D159 /* IntroScreenPresenter.swift in Sources */ = {isa = PBXBuildFile; fileRef = A90D261C2C80BE820029D159 /* IntroScreenPresenter.swift */; };
		A90D261F2C80BE830029D159 /* IntroScreenPresenterProtocol.swift in Sources */ = {isa = PBXBuildFile; fileRef = A90D261D2C80BE830029D159 /* IntroScreenPresenterProtocol.swift */; };
		A90D26222C80BE8B0029D159 /* IntroScreenRouter.swift in Sources */ = {isa = PBXBuildFile; fileRef = A90D26202C80BE8B0029D159 /* IntroScreenRouter.swift */; };
		A90D26232C80BE8B0029D159 /* IntroScreenRouterProtocol.swift in Sources */ = {isa = PBXBuildFile; fileRef = A90D26212C80BE8B0029D159 /* IntroScreenRouterProtocol.swift */; };
		A90D262C2C80C7A40029D159 /* PostsListViewController.swift in Sources */ = {isa = PBXBuildFile; fileRef = A90D262A2C80C7A40029D159 /* PostsListViewController.swift */; };
		A90D262D2C80C7A40029D159 /* PostTableViewCell.swift in Sources */ = {isa = PBXBuildFile; fileRef = A90D262B2C80C7A40029D159 /* PostTableViewCell.swift */; };
		A90D26302C80C7AC0029D159 /* PostsListInteractorProtocol.swift in Sources */ = {isa = PBXBuildFile; fileRef = A90D262E2C80C7AC0029D159 /* PostsListInteractorProtocol.swift */; };
		A90D26312C80C7AC0029D159 /* PostsListInteractor.swift in Sources */ = {isa = PBXBuildFile; fileRef = A90D262F2C80C7AC0029D159 /* PostsListInteractor.swift */; };
		A90D26342C80C7B40029D159 /* PostsListPresenter.swift in Sources */ = {isa = PBXBuildFile; fileRef = A90D26322C80C7B40029D159 /* PostsListPresenter.swift */; };
		A90D26352C80C7B40029D159 /* PostsListPresenterProtocol.swift in Sources */ = {isa = PBXBuildFile; fileRef = A90D26332C80C7B40029D159 /* PostsListPresenterProtocol.swift */; };
		A90D26372C80C7BC0029D159 /* Post.swift in Sources */ = {isa = PBXBuildFile; fileRef = A90D26362C80C7BC0029D159 /* Post.swift */; };
		A90D263A2C80C7C40029D159 /* PostsListRouter.swift in Sources */ = {isa = PBXBuildFile; fileRef = A90D26382C80C7C30029D159 /* PostsListRouter.swift */; };
		A90D263B2C80C7C40029D159 /* PostsListRouterProtocol.swift in Sources */ = {isa = PBXBuildFile; fileRef = A90D26392C80C7C40029D159 /* PostsListRouterProtocol.swift */; };
		A90D263E2C80C8380029D159 /* CashManager.swift in Sources */ = {isa = PBXBuildFile; fileRef = A90D263D2C80C8370029D159 /* CashManager.swift */; };
		A90D26462C80CCF30029D159 /* PostDetailsViewController.swift in Sources */ = {isa = PBXBuildFile; fileRef = A90D26442C80CCF30029D159 /* PostDetailsViewController.swift */; };
		A90D26472C80CCF30029D159 /* PostDetailsViewProtocol.swift in Sources */ = {isa = PBXBuildFile; fileRef = A90D26452C80CCF30029D159 /* PostDetailsViewProtocol.swift */; };
		A90D264A2C80CCFE0029D159 /* PostDetailsPresenterProtocol.swift in Sources */ = {isa = PBXBuildFile; fileRef = A90D26482C80CCFE0029D159 /* PostDetailsPresenterProtocol.swift */; };
		A90D264B2C80CCFE0029D159 /* PostDetailsPresenter.swift in Sources */ = {isa = PBXBuildFile; fileRef = A90D26492C80CCFE0029D159 /* PostDetailsPresenter.swift */; };
		A90D264E2C80CD070029D159 /* PostDetailsRouter.swift in Sources */ = {isa = PBXBuildFile; fileRef = A90D264C2C80CD070029D159 /* PostDetailsRouter.swift */; };
		A90D264F2C80CD070029D159 /* PostDetailsRouterProtocol.swift in Sources */ = {isa = PBXBuildFile; fileRef = A90D264D2C80CD070029D159 /* PostDetailsRouterProtocol.swift */; };
		A90D26522C80CE860029D159 /* PostDetailsInteractor.swift in Sources */ = {isa = PBXBuildFile; fileRef = A90D26512C80CE860029D159 /* PostDetailsInteractor.swift */; };
		A90D265A2C80E1280029D159 /* KhaznaTaskTests.swift in Sources */ = {isa = PBXBuildFile; fileRef = A90D26592C80E1280029D159 /* KhaznaTaskTests.swift */; };
/* End PBXBuildFile section */

/* Begin PBXContainerItemProxy section */
		A90D265B2C80E1280029D159 /* PBXContainerItemProxy */ = {
			isa = PBXContainerItemProxy;
			containerPortal = A90D25CC2C80A2240029D159 /* Project object */;
			proxyType = 1;
			remoteGlobalIDString = A90D25D32C80A2240029D159;
			remoteInfo = KhaznaTask;
		};
/* End PBXContainerItemProxy section */

/* Begin PBXFileReference section */
		A90D25D42C80A2240029D159 /* KhaznaTask.app */ = {isa = PBXFileReference; explicitFileType = wrapper.application; includeInIndex = 0; path = KhaznaTask.app; sourceTree = BUILT_PRODUCTS_DIR; };
		A90D25D72C80A2240029D159 /* AppDelegate.swift */ = {isa = PBXFileReference; lastKnownFileType = sourcecode.swift; path = AppDelegate.swift; sourceTree = "<group>"; };
		A90D25D92C80A2240029D159 /* SceneDelegate.swift */ = {isa = PBXFileReference; lastKnownFileType = sourcecode.swift; path = SceneDelegate.swift; sourceTree = "<group>"; };
		A90D25DE2C80A2240029D159 /* Base */ = {isa = PBXFileReference; lastKnownFileType = file.storyboard; name = Base; path = Base.lproj/Main.storyboard; sourceTree = "<group>"; };
		A90D25E02C80A2260029D159 /* Assets.xcassets */ = {isa = PBXFileReference; lastKnownFileType = folder.assetcatalog; path = Assets.xcassets; sourceTree = "<group>"; };
		A90D25E32C80A2260029D159 /* Base */ = {isa = PBXFileReference; lastKnownFileType = file.storyboard; name = Base; path = Base.lproj/LaunchScreen.storyboard; sourceTree = "<group>"; };
		A90D25E52C80A2260029D159 /* Info.plist */ = {isa = PBXFileReference; lastKnownFileType = text.plist.xml; path = Info.plist; sourceTree = "<group>"; };
		A90D25EC2C80A2690029D159 /* APIService.swift */ = {isa = PBXFileReference; fileEncoding = 4; lastKnownFileType = sourcecode.swift; path = APIService.swift; sourceTree = "<group>"; };
		A90D25EF2C80A2820029D159 /* PostsAPIService.swift */ = {isa = PBXFileReference; fileEncoding = 4; lastKnownFileType = sourcecode.swift; path = PostsAPIService.swift; sourceTree = "<group>"; };
		A90D25F02C80A2820029D159 /* PostsAPIServiceProtocol.swift */ = {isa = PBXFileReference; fileEncoding = 4; lastKnownFileType = sourcecode.swift; path = PostsAPIServiceProtocol.swift; sourceTree = "<group>"; };
		A90D261A2C80BE790029D159 /* IntroScreenViewController.swift */ = {isa = PBXFileReference; fileEncoding = 4; lastKnownFileType = sourcecode.swift; path = IntroScreenViewController.swift; sourceTree = "<group>"; };
		A90D261C2C80BE820029D159 /* IntroScreenPresenter.swift */ = {isa = PBXFileReference; fileEncoding = 4; lastKnownFileType = sourcecode.swift; path = IntroScreenPresenter.swift; sourceTree = "<group>"; };
		A90D261D2C80BE830029D159 /* IntroScreenPresenterProtocol.swift */ = {isa = PBXFileReference; fileEncoding = 4; lastKnownFileType = sourcecode.swift; path = IntroScreenPresenterProtocol.swift; sourceTree = "<group>"; };
		A90D26202C80BE8B0029D159 /* IntroScreenRouter.swift */ = {isa = PBXFileReference; fileEncoding = 4; lastKnownFileType = sourcecode.swift; path = IntroScreenRouter.swift; sourceTree = "<group>"; };
		A90D26212C80BE8B0029D159 /* IntroScreenRouterProtocol.swift */ = {isa = PBXFileReference; fileEncoding = 4; lastKnownFileType = sourcecode.swift; path = IntroScreenRouterProtocol.swift; sourceTree = "<group>"; };
		A90D262A2C80C7A40029D159 /* PostsListViewController.swift */ = {isa = PBXFileReference; fileEncoding = 4; lastKnownFileType = sourcecode.swift; path = PostsListViewController.swift; sourceTree = "<group>"; };
		A90D262B2C80C7A40029D159 /* PostTableViewCell.swift */ = {isa = PBXFileReference; fileEncoding = 4; lastKnownFileType = sourcecode.swift; path = PostTableViewCell.swift; sourceTree = "<group>"; };
		A90D262E2C80C7AC0029D159 /* PostsListInteractorProtocol.swift */ = {isa = PBXFileReference; fileEncoding = 4; lastKnownFileType = sourcecode.swift; path = PostsListInteractorProtocol.swift; sourceTree = "<group>"; };
		A90D262F2C80C7AC0029D159 /* PostsListInteractor.swift */ = {isa = PBXFileReference; fileEncoding = 4; lastKnownFileType = sourcecode.swift; path = PostsListInteractor.swift; sourceTree = "<group>"; };
		A90D26322C80C7B40029D159 /* PostsListPresenter.swift */ = {isa = PBXFileReference; fileEncoding = 4; lastKnownFileType = sourcecode.swift; path = PostsListPresenter.swift; sourceTree = "<group>"; };
		A90D26332C80C7B40029D159 /* PostsListPresenterProtocol.swift */ = {isa = PBXFileReference; fileEncoding = 4; lastKnownFileType = sourcecode.swift; path = PostsListPresenterProtocol.swift; sourceTree = "<group>"; };
		A90D26362C80C7BC0029D159 /* Post.swift */ = {isa = PBXFileReference; fileEncoding = 4; lastKnownFileType = sourcecode.swift; path = Post.swift; sourceTree = "<group>"; };
		A90D26382C80C7C30029D159 /* PostsListRouter.swift */ = {isa = PBXFileReference; fileEncoding = 4; lastKnownFileType = sourcecode.swift; path = PostsListRouter.swift; sourceTree = "<group>"; };
		A90D26392C80C7C40029D159 /* PostsListRouterProtocol.swift */ = {isa = PBXFileReference; fileEncoding = 4; lastKnownFileType = sourcecode.swift; path = PostsListRouterProtocol.swift; sourceTree = "<group>"; };
		A90D263D2C80C8370029D159 /* CashManager.swift */ = {isa = PBXFileReference; fileEncoding = 4; lastKnownFileType = sourcecode.swift; path = CashManager.swift; sourceTree = "<group>"; };
		A90D26442C80CCF30029D159 /* PostDetailsViewController.swift */ = {isa = PBXFileReference; fileEncoding = 4; lastKnownFileType = sourcecode.swift; path = PostDetailsViewController.swift; sourceTree = "<group>"; };
		A90D26452C80CCF30029D159 /* PostDetailsViewProtocol.swift */ = {isa = PBXFileReference; fileEncoding = 4; lastKnownFileType = sourcecode.swift; path = PostDetailsViewProtocol.swift; sourceTree = "<group>"; };
		A90D26482C80CCFE0029D159 /* PostDetailsPresenterProtocol.swift */ = {isa = PBXFileReference; fileEncoding = 4; lastKnownFileType = sourcecode.swift; path = PostDetailsPresenterProtocol.swift; sourceTree = "<group>"; };
		A90D26492C80CCFE0029D159 /* PostDetailsPresenter.swift */ = {isa = PBXFileReference; fileEncoding = 4; lastKnownFileType = sourcecode.swift; path = PostDetailsPresenter.swift; sourceTree = "<group>"; };
		A90D264C2C80CD070029D159 /* PostDetailsRouter.swift */ = {isa = PBXFileReference; fileEncoding = 4; lastKnownFileType = sourcecode.swift; path = PostDetailsRouter.swift; sourceTree = "<group>"; };
		A90D264D2C80CD070029D159 /* PostDetailsRouterProtocol.swift */ = {isa = PBXFileReference; fileEncoding = 4; lastKnownFileType = sourcecode.swift; path = PostDetailsRouterProtocol.swift; sourceTree = "<group>"; };
		A90D26512C80CE860029D159 /* PostDetailsInteractor.swift */ = {isa = PBXFileReference; fileEncoding = 4; lastKnownFileType = sourcecode.swift; path = PostDetailsInteractor.swift; sourceTree = "<group>"; };
		A90D26572C80E1280029D159 /* KhaznaTaskTests.xctest */ = {isa = PBXFileReference; explicitFileType = wrapper.cfbundle; includeInIndex = 0; path = KhaznaTaskTests.xctest; sourceTree = BUILT_PRODUCTS_DIR; };
		A90D26592C80E1280029D159 /* KhaznaTaskTests.swift */ = {isa = PBXFileReference; lastKnownFileType = sourcecode.swift; path = KhaznaTaskTests.swift; sourceTree = "<group>"; };
/* End PBXFileReference section */

/* Begin PBXFrameworksBuildPhase section */
		A90D25D12C80A2240029D159 /* Frameworks */ = {
			isa = PBXFrameworksBuildPhase;
			buildActionMask = 2147483647;
			files = (
			);
			runOnlyForDeploymentPostprocessing = 0;
		};
		A90D26542C80E1280029D159 /* Frameworks */ = {
			isa = PBXFrameworksBuildPhase;
			buildActionMask = 2147483647;
			files = (
			);
			runOnlyForDeploymentPostprocessing = 0;
		};
/* End PBXFrameworksBuildPhase section */

/* Begin PBXGroup section */
		A90D25CB2C80A2240029D159 = {
			isa = PBXGroup;
			children = (
				A90D25D62C80A2240029D159 /* KhaznaTask */,
				A90D26582C80E1280029D159 /* KhaznaTaskTests */,
				A90D25D52C80A2240029D159 /* Products */,
			);
			sourceTree = "<group>";
		};
		A90D25D52C80A2240029D159 /* Products */ = {
			isa = PBXGroup;
			children = (
				A90D25D42C80A2240029D159 /* KhaznaTask.app */,
				A90D26572C80E1280029D159 /* KhaznaTaskTests.xctest */,
			);
			name = Products;
			sourceTree = "<group>";
		};
		A90D25D62C80A2240029D159 /* KhaznaTask */ = {
			isa = PBXGroup;
			children = (
				A90D25D72C80A2240029D159 /* AppDelegate.swift */,
				A90D25D92C80A2240029D159 /* SceneDelegate.swift */,
				A90D25EB2C80A25A0029D159 /* Service */,
				A90D25EE2C80A2740029D159 /* Repo */,
				A90D263C2C80C8280029D159 /* CashManager */,
				A90D26162C80BE200029D159 /* IntroScreen */,
				A90D26242C80C76D0029D159 /* PostsListScreen */,
				A90D263F2C80CCAA0029D159 /* PostDetailsScreen */,
				A90D25F32C80A2900029D159 /* Storyboards */,
				A90D25E02C80A2260029D159 /* Assets.xcassets */,
				A90D25E52C80A2260029D159 /* Info.plist */,
			);
			path = KhaznaTask;
			sourceTree = "<group>";
		};
		A90D25EB2C80A25A0029D159 /* Service */ = {
			isa = PBXGroup;
			children = (
				A90D25EC2C80A2690029D159 /* APIService.swift */,
			);
			path = Service;
			sourceTree = "<group>";
		};
		A90D25EE2C80A2740029D159 /* Repo */ = {
			isa = PBXGroup;
			children = (
				A90D25F02C80A2820029D159 /* PostsAPIServiceProtocol.swift */,
				A90D25EF2C80A2820029D159 /* PostsAPIService.swift */,
			);
			path = Repo;
			sourceTree = "<group>";
		};
		A90D25F32C80A2900029D159 /* Storyboards */ = {
			isa = PBXGroup;
			children = (
				A90D25DD2C80A2240029D159 /* Main.storyboard */,
				A90D25E22C80A2260029D159 /* LaunchScreen.storyboard */,
			);
			path = Storyboards;
			sourceTree = "<group>";
		};
		A90D26162C80BE200029D159 /* IntroScreen */ = {
			isa = PBXGroup;
			children = (
				A90D26172C80BE360029D159 /* View */,
				A90D26182C80BE410029D159 /* Presenter */,
				A90D26192C80BE520029D159 /* Router */,
			);
			path = IntroScreen;
			sourceTree = "<group>";
		};
		A90D26172C80BE360029D159 /* View */ = {
			isa = PBXGroup;
			children = (
				A90D261A2C80BE790029D159 /* IntroScreenViewController.swift */,
			);
			path = View;
			sourceTree = "<group>";
		};
		A90D26182C80BE410029D159 /* Presenter */ = {
			isa = PBXGroup;
			children = (
				A90D261D2C80BE830029D159 /* IntroScreenPresenterProtocol.swift */,
				A90D261C2C80BE820029D159 /* IntroScreenPresenter.swift */,
			);
			path = Presenter;
			sourceTree = "<group>";
		};
		A90D26192C80BE520029D159 /* Router */ = {
			isa = PBXGroup;
			children = (
				A90D26212C80BE8B0029D159 /* IntroScreenRouterProtocol.swift */,
				A90D26202C80BE8B0029D159 /* IntroScreenRouter.swift */,
			);
			path = Router;
			sourceTree = "<group>";
		};
		A90D26242C80C76D0029D159 /* PostsListScreen */ = {
			isa = PBXGroup;
			children = (
				A90D26292C80C7970029D159 /* View */,
				A90D26282C80C78D0029D159 /* Interactor */,
				A90D26272C80C7870029D159 /* Presenter */,
				A90D26262C80C7800029D159 /* Entity */,
				A90D26252C80C7770029D159 /* Router */,
			);
			path = PostsListScreen;
			sourceTree = "<group>";
		};
		A90D26252C80C7770029D159 /* Router */ = {
			isa = PBXGroup;
			children = (
				A90D26382C80C7C30029D159 /* PostsListRouter.swift */,
				A90D26392C80C7C40029D159 /* PostsListRouterProtocol.swift */,
			);
			path = Router;
			sourceTree = "<group>";
		};
		A90D26262C80C7800029D159 /* Entity */ = {
			isa = PBXGroup;
			children = (
				A90D26362C80C7BC0029D159 /* Post.swift */,
			);
			path = Entity;
			sourceTree = "<group>";
		};
		A90D26272C80C7870029D159 /* Presenter */ = {
			isa = PBXGroup;
			children = (
				A90D26332C80C7B40029D159 /* PostsListPresenterProtocol.swift */,
				A90D26322C80C7B40029D159 /* PostsListPresenter.swift */,
			);
			path = Presenter;
			sourceTree = "<group>";
		};
		A90D26282C80C78D0029D159 /* Interactor */ = {
			isa = PBXGroup;
			children = (
				A90D262E2C80C7AC0029D159 /* PostsListInteractorProtocol.swift */,
				A90D262F2C80C7AC0029D159 /* PostsListInteractor.swift */,
			);
			path = Interactor;
			sourceTree = "<group>";
		};
		A90D26292C80C7970029D159 /* View */ = {
			isa = PBXGroup;
			children = (
				A90D262A2C80C7A40029D159 /* PostsListViewController.swift */,
				A90D262B2C80C7A40029D159 /* PostTableViewCell.swift */,
			);
			path = View;
			sourceTree = "<group>";
		};
		A90D263C2C80C8280029D159 /* CashManager */ = {
			isa = PBXGroup;
			children = (
				A90D263D2C80C8370029D159 /* CashManager.swift */,
			);
			path = CashManager;
			sourceTree = "<group>";
		};
		A90D263F2C80CCAA0029D159 /* PostDetailsScreen */ = {
			isa = PBXGroup;
			children = (
				A90D26432C80CCE80029D159 /* View */,
				A90D26502C80CE760029D159 /* Interactor */,
				A90D26412C80CCD00029D159 /* Presenter */,
				A90D26402C80CCC60029D159 /* Router */,
			);
			path = PostDetailsScreen;
			sourceTree = "<group>";
		};
		A90D26402C80CCC60029D159 /* Router */ = {
			isa = PBXGroup;
			children = (
				A90D264D2C80CD070029D159 /* PostDetailsRouterProtocol.swift */,
				A90D264C2C80CD070029D159 /* PostDetailsRouter.swift */,
			);
			path = Router;
			sourceTree = "<group>";
		};
		A90D26412C80CCD00029D159 /* Presenter */ = {
			isa = PBXGroup;
			children = (
				A90D26482C80CCFE0029D159 /* PostDetailsPresenterProtocol.swift */,
				A90D26492C80CCFE0029D159 /* PostDetailsPresenter.swift */,
			);
			path = Presenter;
			sourceTree = "<group>";
		};
		A90D26432C80CCE80029D159 /* View */ = {
			isa = PBXGroup;
			children = (
				A90D26452C80CCF30029D159 /* PostDetailsViewProtocol.swift */,
				A90D26442C80CCF30029D159 /* PostDetailsViewController.swift */,
			);
			path = View;
			sourceTree = "<group>";
		};
		A90D26502C80CE760029D159 /* Interactor */ = {
			isa = PBXGroup;
			children = (
				A90D26512C80CE860029D159 /* PostDetailsInteractor.swift */,
			);
			path = Interactor;
			sourceTree = "<group>";
		};
		A90D26582C80E1280029D159 /* KhaznaTaskTests */ = {
			isa = PBXGroup;
			children = (
				A90D26592C80E1280029D159 /* KhaznaTaskTests.swift */,
			);
			path = KhaznaTaskTests;
			sourceTree = "<group>";
		};
/* End PBXGroup section */

/* Begin PBXNativeTarget section */
		A90D25D32C80A2240029D159 /* KhaznaTask */ = {
			isa = PBXNativeTarget;
			buildConfigurationList = A90D25E82C80A2260029D159 /* Build configuration list for PBXNativeTarget "KhaznaTask" */;
			buildPhases = (
				A90D25D02C80A2240029D159 /* Sources */,
				A90D25D12C80A2240029D159 /* Frameworks */,
				A90D25D22C80A2240029D159 /* Resources */,
			);
			buildRules = (
			);
			dependencies = (
			);
			name = KhaznaTask;
			productName = KhaznaTask;
			productReference = A90D25D42C80A2240029D159 /* KhaznaTask.app */;
			productType = "com.apple.product-type.application";
		};
		A90D26562C80E1280029D159 /* KhaznaTaskTests */ = {
			isa = PBXNativeTarget;
			buildConfigurationList = A90D265D2C80E1280029D159 /* Build configuration list for PBXNativeTarget "KhaznaTaskTests" */;
			buildPhases = (
				A90D26532C80E1280029D159 /* Sources */,
				A90D26542C80E1280029D159 /* Frameworks */,
				A90D26552C80E1280029D159 /* Resources */,
			);
			buildRules = (
			);
			dependencies = (
				A90D265C2C80E1280029D159 /* PBXTargetDependency */,
			);
			name = KhaznaTaskTests;
			productName = KhaznaTaskTests;
			productReference = A90D26572C80E1280029D159 /* KhaznaTaskTests.xctest */;
			productType = "com.apple.product-type.bundle.unit-test";
		};
/* End PBXNativeTarget section */

/* Begin PBXProject section */
		A90D25CC2C80A2240029D159 /* Project object */ = {
			isa = PBXProject;
			attributes = {
				BuildIndependentTargetsInParallel = 1;
				LastSwiftUpdateCheck = 1500;
				LastUpgradeCheck = 1500;
				TargetAttributes = {
					A90D25D32C80A2240029D159 = {
						CreatedOnToolsVersion = 15.0.1;
					};
					A90D26562C80E1280029D159 = {
						CreatedOnToolsVersion = 15.0.1;
						TestTargetID = A90D25D32C80A2240029D159;
					};
				};
			};
			buildConfigurationList = A90D25CF2C80A2240029D159 /* Build configuration list for PBXProject "KhaznaTask" */;
			compatibilityVersion = "Xcode 14.0";
			developmentRegion = en;
			hasScannedForEncodings = 0;
			knownRegions = (
				en,
				Base,
			);
			mainGroup = A90D25CB2C80A2240029D159;
			productRefGroup = A90D25D52C80A2240029D159 /* Products */;
			projectDirPath = "";
			projectRoot = "";
			targets = (
				A90D25D32C80A2240029D159 /* KhaznaTask */,
				A90D26562C80E1280029D159 /* KhaznaTaskTests */,
			);
		};
/* End PBXProject section */

/* Begin PBXResourcesBuildPhase section */
		A90D25D22C80A2240029D159 /* Resources */ = {
			isa = PBXResourcesBuildPhase;
			buildActionMask = 2147483647;
			files = (
				A90D25E42C80A2260029D159 /* LaunchScreen.storyboard in Resources */,
				A90D25E12C80A2260029D159 /* Assets.xcassets in Resources */,
				A90D25DF2C80A2240029D159 /* Main.storyboard in Resources */,
			);
			runOnlyForDeploymentPostprocessing = 0;
		};
		A90D26552C80E1280029D159 /* Resources */ = {
			isa = PBXResourcesBuildPhase;
			buildActionMask = 2147483647;
			files = (
			);
			runOnlyForDeploymentPostprocessing = 0;
		};
/* End PBXResourcesBuildPhase section */

/* Begin PBXSourcesBuildPhase section */
		A90D25D02C80A2240029D159 /* Sources */ = {
			isa = PBXSourcesBuildPhase;
			buildActionMask = 2147483647;
			files = (
				A90D26312C80C7AC0029D159 /* PostsListInteractor.swift in Sources */,
				A90D264E2C80CD070029D159 /* PostDetailsRouter.swift in Sources */,
				A90D26222C80BE8B0029D159 /* IntroScreenRouter.swift in Sources */,
				A90D25D82C80A2240029D159 /* AppDelegate.swift in Sources */,
				A90D26472C80CCF30029D159 /* PostDetailsViewProtocol.swift in Sources */,
				A90D25F22C80A2820029D159 /* PostsAPIServiceProtocol.swift in Sources */,
				A90D26372C80C7BC0029D159 /* Post.swift in Sources */,
				A90D26352C80C7B40029D159 /* PostsListPresenterProtocol.swift in Sources */,
				A90D263E2C80C8380029D159 /* CashManager.swift in Sources */,
				A90D263A2C80C7C40029D159 /* PostsListRouter.swift in Sources */,
				A90D264B2C80CCFE0029D159 /* PostDetailsPresenter.swift in Sources */,
				A90D25ED2C80A2690029D159 /* APIService.swift in Sources */,
				A90D26462C80CCF30029D159 /* PostDetailsViewController.swift in Sources */,
				A90D25F12C80A2820029D159 /* PostsAPIService.swift in Sources */,
				A90D261E2C80BE830029D159 /* IntroScreenPresenter.swift in Sources */,
				A90D25DA2C80A2240029D159 /* SceneDelegate.swift in Sources */,
				A90D26302C80C7AC0029D159 /* PostsListInteractorProtocol.swift in Sources */,
				A90D26232C80BE8B0029D159 /* IntroScreenRouterProtocol.swift in Sources */,
				A90D26522C80CE860029D159 /* PostDetailsInteractor.swift in Sources */,
				A90D262C2C80C7A40029D159 /* PostsListViewController.swift in Sources */,
				A90D263B2C80C7C40029D159 /* PostsListRouterProtocol.swift in Sources */,
				A90D26342C80C7B40029D159 /* PostsListPresenter.swift in Sources */,
				A90D261B2C80BE790029D159 /* IntroScreenViewController.swift in Sources */,
				A90D261F2C80BE830029D159 /* IntroScreenPresenterProtocol.swift in Sources */,
				A90D264F2C80CD070029D159 /* PostDetailsRouterProtocol.swift in Sources */,
				A90D262D2C80C7A40029D159 /* PostTableViewCell.swift in Sources */,
				A90D264A2C80CCFE0029D159 /* PostDetailsPresenterProtocol.swift in Sources */,
			);
			runOnlyForDeploymentPostprocessing = 0;
		};
		A90D26532C80E1280029D159 /* Sources */ = {
			isa = PBXSourcesBuildPhase;
			buildActionMask = 2147483647;
			files = (
				A90D265A2C80E1280029D159 /* KhaznaTaskTests.swift in Sources */,
			);
			runOnlyForDeploymentPostprocessing = 0;
		};
/* End PBXSourcesBuildPhase section */

/* Begin PBXTargetDependency section */
		A90D265C2C80E1280029D159 /* PBXTargetDependency */ = {
			isa = PBXTargetDependency;
			target = A90D25D32C80A2240029D159 /* KhaznaTask */;
			targetProxy = A90D265B2C80E1280029D159 /* PBXContainerItemProxy */;
		};
/* End PBXTargetDependency section */

/* Begin PBXVariantGroup section */
		A90D25DD2C80A2240029D159 /* Main.storyboard */ = {
			isa = PBXVariantGroup;
			children = (
				A90D25DE2C80A2240029D159 /* Base */,
			);
			name = Main.storyboard;
			sourceTree = "<group>";
		};
		A90D25E22C80A2260029D159 /* LaunchScreen.storyboard */ = {
			isa = PBXVariantGroup;
			children = (
				A90D25E32C80A2260029D159 /* Base */,
			);
			name = LaunchScreen.storyboard;
			sourceTree = "<group>";
		};
/* End PBXVariantGroup section */

/* Begin XCBuildConfiguration section */
		A90D25E62C80A2260029D159 /* Debug */ = {
			isa = XCBuildConfiguration;
			buildSettings = {
				ALWAYS_SEARCH_USER_PATHS = NO;
				ASSETCATALOG_COMPILER_GENERATE_SWIFT_ASSET_SYMBOL_EXTENSIONS = YES;
				CLANG_ANALYZER_NONNULL = YES;
				CLANG_ANALYZER_NUMBER_OBJECT_CONVERSION = YES_AGGRESSIVE;
				CLANG_CXX_LANGUAGE_STANDARD = "gnu++20";
				CLANG_ENABLE_MODULES = YES;
				CLANG_ENABLE_OBJC_ARC = YES;
				CLANG_ENABLE_OBJC_WEAK = YES;
				CLANG_WARN_BLOCK_CAPTURE_AUTORELEASING = YES;
				CLANG_WARN_BOOL_CONVERSION = YES;
				CLANG_WARN_COMMA = YES;
				CLANG_WARN_CONSTANT_CONVERSION = YES;
				CLANG_WARN_DEPRECATED_OBJC_IMPLEMENTATIONS = YES;
				CLANG_WARN_DIRECT_OBJC_ISA_USAGE = YES_ERROR;
				CLANG_WARN_DOCUMENTATION_COMMENTS = YES;
				CLANG_WARN_EMPTY_BODY = YES;
				CLANG_WARN_ENUM_CONVERSION = YES;
				CLANG_WARN_INFINITE_RECURSION = YES;
				CLANG_WARN_INT_CONVERSION = YES;
				CLANG_WARN_NON_LITERAL_NULL_CONVERSION = YES;
				CLANG_WARN_OBJC_IMPLICIT_RETAIN_SELF = YES;
				CLANG_WARN_OBJC_LITERAL_CONVERSION = YES;
				CLANG_WARN_OBJC_ROOT_CLASS = YES_ERROR;
				CLANG_WARN_QUOTED_INCLUDE_IN_FRAMEWORK_HEADER = YES;
				CLANG_WARN_RANGE_LOOP_ANALYSIS = YES;
				CLANG_WARN_STRICT_PROTOTYPES = YES;
				CLANG_WARN_SUSPICIOUS_MOVE = YES;
				CLANG_WARN_UNGUARDED_AVAILABILITY = YES_AGGRESSIVE;
				CLANG_WARN_UNREACHABLE_CODE = YES;
				CLANG_WARN__DUPLICATE_METHOD_MATCH = YES;
				COPY_PHASE_STRIP = NO;
				DEBUG_INFORMATION_FORMAT = dwarf;
				ENABLE_STRICT_OBJC_MSGSEND = YES;
				ENABLE_TESTABILITY = YES;
				ENABLE_USER_SCRIPT_SANDBOXING = YES;
				GCC_C_LANGUAGE_STANDARD = gnu17;
				GCC_DYNAMIC_NO_PIC = NO;
				GCC_NO_COMMON_BLOCKS = YES;
				GCC_OPTIMIZATION_LEVEL = 0;
				GCC_PREPROCESSOR_DEFINITIONS = (
					"DEBUG=1",
					"$(inherited)",
				);
				GCC_WARN_64_TO_32_BIT_CONVERSION = YES;
				GCC_WARN_ABOUT_RETURN_TYPE = YES_ERROR;
				GCC_WARN_UNDECLARED_SELECTOR = YES;
				GCC_WARN_UNINITIALIZED_AUTOS = YES_AGGRESSIVE;
				GCC_WARN_UNUSED_FUNCTION = YES;
				GCC_WARN_UNUSED_VARIABLE = YES;
				IPHONEOS_DEPLOYMENT_TARGET = 17.0;
				LOCALIZATION_PREFERS_STRING_CATALOGS = YES;
				MTL_ENABLE_DEBUG_INFO = INCLUDE_SOURCE;
				MTL_FAST_MATH = YES;
				ONLY_ACTIVE_ARCH = YES;
				SDKROOT = iphoneos;
				SWIFT_ACTIVE_COMPILATION_CONDITIONS = "DEBUG $(inherited)";
				SWIFT_OPTIMIZATION_LEVEL = "-Onone";
			};
			name = Debug;
		};
		A90D25E72C80A2260029D159 /* Release */ = {
			isa = XCBuildConfiguration;
			buildSettings = {
				ALWAYS_SEARCH_USER_PATHS = NO;
				ASSETCATALOG_COMPILER_GENERATE_SWIFT_ASSET_SYMBOL_EXTENSIONS = YES;
				CLANG_ANALYZER_NONNULL = YES;
				CLANG_ANALYZER_NUMBER_OBJECT_CONVERSION = YES_AGGRESSIVE;
				CLANG_CXX_LANGUAGE_STANDARD = "gnu++20";
				CLANG_ENABLE_MODULES = YES;
				CLANG_ENABLE_OBJC_ARC = YES;
				CLANG_ENABLE_OBJC_WEAK = YES;
				CLANG_WARN_BLOCK_CAPTURE_AUTORELEASING = YES;
				CLANG_WARN_BOOL_CONVERSION = YES;
				CLANG_WARN_COMMA = YES;
				CLANG_WARN_CONSTANT_CONVERSION = YES;
				CLANG_WARN_DEPRECATED_OBJC_IMPLEMENTATIONS = YES;
				CLANG_WARN_DIRECT_OBJC_ISA_USAGE = YES_ERROR;
				CLANG_WARN_DOCUMENTATION_COMMENTS = YES;
				CLANG_WARN_EMPTY_BODY = YES;
				CLANG_WARN_ENUM_CONVERSION = YES;
				CLANG_WARN_INFINITE_RECURSION = YES;
				CLANG_WARN_INT_CONVERSION = YES;
				CLANG_WARN_NON_LITERAL_NULL_CONVERSION = YES;
				CLANG_WARN_OBJC_IMPLICIT_RETAIN_SELF = YES;
				CLANG_WARN_OBJC_LITERAL_CONVERSION = YES;
				CLANG_WARN_OBJC_ROOT_CLASS = YES_ERROR;
				CLANG_WARN_QUOTED_INCLUDE_IN_FRAMEWORK_HEADER = YES;
				CLANG_WARN_RANGE_LOOP_ANALYSIS = YES;
				CLANG_WARN_STRICT_PROTOTYPES = YES;
				CLANG_WARN_SUSPICIOUS_MOVE = YES;
				CLANG_WARN_UNGUARDED_AVAILABILITY = YES_AGGRESSIVE;
				CLANG_WARN_UNREACHABLE_CODE = YES;
				CLANG_WARN__DUPLICATE_METHOD_MATCH = YES;
				COPY_PHASE_STRIP = NO;
				DEBUG_INFORMATION_FORMAT = "dwarf-with-dsym";
				ENABLE_NS_ASSERTIONS = NO;
				ENABLE_STRICT_OBJC_MSGSEND = YES;
				ENABLE_USER_SCRIPT_SANDBOXING = YES;
				GCC_C_LANGUAGE_STANDARD = gnu17;
				GCC_NO_COMMON_BLOCKS = YES;
				GCC_WARN_64_TO_32_BIT_CONVERSION = YES;
				GCC_WARN_ABOUT_RETURN_TYPE = YES_ERROR;
				GCC_WARN_UNDECLARED_SELECTOR = YES;
				GCC_WARN_UNINITIALIZED_AUTOS = YES_AGGRESSIVE;
				GCC_WARN_UNUSED_FUNCTION = YES;
				GCC_WARN_UNUSED_VARIABLE = YES;
				IPHONEOS_DEPLOYMENT_TARGET = 17.0;
				LOCALIZATION_PREFERS_STRING_CATALOGS = YES;
				MTL_ENABLE_DEBUG_INFO = NO;
				MTL_FAST_MATH = YES;
				SDKROOT = iphoneos;
				SWIFT_COMPILATION_MODE = wholemodule;
				VALIDATE_PRODUCT = YES;
			};
			name = Release;
		};
		A90D25E92C80A2260029D159 /* Debug */ = {
			isa = XCBuildConfiguration;
			buildSettings = {
				ASSETCATALOG_COMPILER_APPICON_NAME = AppIcon;
				ASSETCATALOG_COMPILER_GLOBAL_ACCENT_COLOR_NAME = AccentColor;
				CODE_SIGN_STYLE = Automatic;
				CURRENT_PROJECT_VERSION = 1;
				DEVELOPMENT_TEAM = 22VZM75TH6;
				GENERATE_INFOPLIST_FILE = YES;
				INFOPLIST_FILE = KhaznaTask/Info.plist;
				INFOPLIST_KEY_UIApplicationSupportsIndirectInputEvents = YES;
				INFOPLIST_KEY_UILaunchStoryboardName = LaunchScreen;
				INFOPLIST_KEY_UIMainStoryboardFile = Main;
				INFOPLIST_KEY_UISupportedInterfaceOrientations_iPad = "UIInterfaceOrientationPortrait UIInterfaceOrientationPortraitUpsideDown UIInterfaceOrientationLandscapeLeft UIInterfaceOrientationLandscapeRight";
				INFOPLIST_KEY_UISupportedInterfaceOrientations_iPhone = "UIInterfaceOrientationPortrait UIInterfaceOrientationLandscapeLeft UIInterfaceOrientationLandscapeRight";
				LD_RUNPATH_SEARCH_PATHS = (
					"$(inherited)",
					"@executable_path/Frameworks",
				);
				MARKETING_VERSION = 1.0;
				PRODUCT_BUNDLE_IDENTIFIER = MarkMokhles.KhaznaTask;
				PRODUCT_NAME = "$(TARGET_NAME)";
				SWIFT_EMIT_LOC_STRINGS = YES;
				SWIFT_VERSION = 5.0;
				TARGETED_DEVICE_FAMILY = "1,2";
			};
			name = Debug;
		};
		A90D25EA2C80A2260029D159 /* Release */ = {
			isa = XCBuildConfiguration;
			buildSettings = {
				ASSETCATALOG_COMPILER_APPICON_NAME = AppIcon;
				ASSETCATALOG_COMPILER_GLOBAL_ACCENT_COLOR_NAME = AccentColor;
				CODE_SIGN_STYLE = Automatic;
				CURRENT_PROJECT_VERSION = 1;
				DEVELOPMENT_TEAM = 22VZM75TH6;
				GENERATE_INFOPLIST_FILE = YES;
				INFOPLIST_FILE = KhaznaTask/Info.plist;
				INFOPLIST_KEY_UIApplicationSupportsIndirectInputEvents = YES;
				INFOPLIST_KEY_UILaunchStoryboardName = LaunchScreen;
				INFOPLIST_KEY_UIMainStoryboardFile = Main;
				INFOPLIST_KEY_UISupportedInterfaceOrientations_iPad = "UIInterfaceOrientationPortrait UIInterfaceOrientationPortraitUpsideDown UIInterfaceOrientationLandscapeLeft UIInterfaceOrientationLandscapeRight";
				INFOPLIST_KEY_UISupportedInterfaceOrientations_iPhone = "UIInterfaceOrientationPortrait UIInterfaceOrientationLandscapeLeft UIInterfaceOrientationLandscapeRight";
				LD_RUNPATH_SEARCH_PATHS = (
					"$(inherited)",
					"@executable_path/Frameworks",
				);
				MARKETING_VERSION = 1.0;
				PRODUCT_BUNDLE_IDENTIFIER = MarkMokhles.KhaznaTask;
				PRODUCT_NAME = "$(TARGET_NAME)";
				SWIFT_EMIT_LOC_STRINGS = YES;
				SWIFT_VERSION = 5.0;
				TARGETED_DEVICE_FAMILY = "1,2";
			};
			name = Release;
		};
		A90D265E2C80E1280029D159 /* Debug */ = {
			isa = XCBuildConfiguration;
			buildSettings = {
				BUNDLE_LOADER = "$(TEST_HOST)";
				CODE_SIGN_STYLE = Automatic;
				CURRENT_PROJECT_VERSION = 1;
				DEVELOPMENT_TEAM = 22VZM75TH6;
				GENERATE_INFOPLIST_FILE = YES;
				MARKETING_VERSION = 1.0;
				PRODUCT_BUNDLE_IDENTIFIER = MarkMokhles.KhaznaTaskTests;
				PRODUCT_NAME = "$(TARGET_NAME)";
				SWIFT_EMIT_LOC_STRINGS = NO;
				SWIFT_VERSION = 5.0;
				TARGETED_DEVICE_FAMILY = "1,2";
				TEST_HOST = "$(BUILT_PRODUCTS_DIR)/KhaznaTask.app/$(BUNDLE_EXECUTABLE_FOLDER_PATH)/KhaznaTask";
			};
			name = Debug;
		};
		A90D265F2C80E1280029D159 /* Release */ = {
			isa = XCBuildConfiguration;
			buildSettings = {
				BUNDLE_LOADER = "$(TEST_HOST)";
				CODE_SIGN_STYLE = Automatic;
				CURRENT_PROJECT_VERSION = 1;
				DEVELOPMENT_TEAM = 22VZM75TH6;
				GENERATE_INFOPLIST_FILE = YES;
				MARKETING_VERSION = 1.0;
				PRODUCT_BUNDLE_IDENTIFIER = MarkMokhles.KhaznaTaskTests;
				PRODUCT_NAME = "$(TARGET_NAME)";
				SWIFT_EMIT_LOC_STRINGS = NO;
				SWIFT_VERSION = 5.0;
				TARGETED_DEVICE_FAMILY = "1,2";
				TEST_HOST = "$(BUILT_PRODUCTS_DIR)/KhaznaTask.app/$(BUNDLE_EXECUTABLE_FOLDER_PATH)/KhaznaTask";
			};
			name = Release;
		};
/* End XCBuildConfiguration section */

/* Begin XCConfigurationList section */
		A90D25CF2C80A2240029D159 /* Build configuration list for PBXProject "KhaznaTask" */ = {
			isa = XCConfigurationList;
			buildConfigurations = (
				A90D25E62C80A2260029D159 /* Debug */,
				A90D25E72C80A2260029D159 /* Release */,
			);
			defaultConfigurationIsVisible = 0;
			defaultConfigurationName = Release;
		};
		A90D25E82C80A2260029D159 /* Build configuration list for PBXNativeTarget "KhaznaTask" */ = {
			isa = XCConfigurationList;
			buildConfigurations = (
				A90D25E92C80A2260029D159 /* Debug */,
				A90D25EA2C80A2260029D159 /* Release */,
			);
			defaultConfigurationIsVisible = 0;
			defaultConfigurationName = Release;
		};
		A90D265D2C80E1280029D159 /* Build configuration list for PBXNativeTarget "KhaznaTaskTests" */ = {
			isa = XCConfigurationList;
			buildConfigurations = (
				A90D265E2C80E1280029D159 /* Debug */,
				A90D265F2C80E1280029D159 /* Release */,
			);
			defaultConfigurationIsVisible = 0;
			defaultConfigurationName = Release;
		};
/* End XCConfigurationList section */
	};
	rootObject = A90D25CC2C80A2240029D159 /* Project object */;
}
